// !$*UTF8*$!
{
	archiveVersion = 1;
	classes = {
	};
	objectVersion = 56;
	objects = {

/* Begin PBXBuildFile section */
		7359D5AF2A1FEBA400155BC6 /* Swipeable_Cards_DemoApp.swift in Sources */ = {isa = PBXBuildFile; fileRef = 7359D5AE2A1FEBA400155BC6 /* Swipeable_Cards_DemoApp.swift */; };
		7359D5B12A1FEBA400155BC6 /* ContentView.swift in Sources */ = {isa = PBXBuildFile; fileRef = 7359D5B02A1FEBA400155BC6 /* ContentView.swift */; };
		7359D5B32A1FEBA500155BC6 /* Assets.xcassets in Resources */ = {isa = PBXBuildFile; fileRef = 7359D5B22A1FEBA500155BC6 /* Assets.xcassets */; };
		7359D5B62A1FEBA500155BC6 /* Preview Assets.xcassets in Resources */ = {isa = PBXBuildFile; fileRef = 7359D5B52A1FEBA500155BC6 /* Preview Assets.xcassets */; };
		7359D5C12A206B7300155BC6 /* Home.swift in Sources */ = {isa = PBXBuildFile; fileRef = 7359D5C02A206B7300155BC6 /* Home.swift */; };
		7359D5C52A20EDEF00155BC6 /* User.swift in Sources */ = {isa = PBXBuildFile; fileRef = 7359D5C42A20EDEF00155BC6 /* User.swift */; };
		7359D5C92A20F57500155BC6 /* HomeViewModel.swift in Sources */ = {isa = PBXBuildFile; fileRef = 7359D5C82A20F57500155BC6 /* HomeViewModel.swift */; };
		7359D5CB2A217BFB00155BC6 /* StackCardView.swift in Sources */ = {isa = PBXBuildFile; fileRef = 7359D5CA2A217BFB00155BC6 /* StackCardView.swift */; };
/* End PBXBuildFile section */

/* Begin PBXFileReference section */
		7359D5AB2A1FEBA400155BC6 /* Swipeable Cards Demo.app */ = {isa = PBXFileReference; explicitFileType = wrapper.application; includeInIndex = 0; path = "Swipeable Cards Demo.app"; sourceTree = BUILT_PRODUCTS_DIR; };
		7359D5AE2A1FEBA400155BC6 /* Swipeable_Cards_DemoApp.swift */ = {isa = PBXFileReference; lastKnownFileType = sourcecode.swift; path = Swipeable_Cards_DemoApp.swift; sourceTree = "<group>"; };
		7359D5B02A1FEBA400155BC6 /* ContentView.swift */ = {isa = PBXFileReference; lastKnownFileType = sourcecode.swift; path = ContentView.swift; sourceTree = "<group>"; };
		7359D5B22A1FEBA500155BC6 /* Assets.xcassets */ = {isa = PBXFileReference; lastKnownFileType = folder.assetcatalog; path = Assets.xcassets; sourceTree = "<group>"; };
		7359D5B52A1FEBA500155BC6 /* Preview Assets.xcassets */ = {isa = PBXFileReference; lastKnownFileType = folder.assetcatalog; path = "Preview Assets.xcassets"; sourceTree = "<group>"; };
		7359D5C02A206B7300155BC6 /* Home.swift */ = {isa = PBXFileReference; lastKnownFileType = sourcecode.swift; path = Home.swift; sourceTree = "<group>"; };
		7359D5C42A20EDEF00155BC6 /* User.swift */ = {isa = PBXFileReference; lastKnownFileType = sourcecode.swift; path = User.swift; sourceTree = "<group>"; };
		7359D5C82A20F57500155BC6 /* HomeViewModel.swift */ = {isa = PBXFileReference; lastKnownFileType = sourcecode.swift; path = HomeViewModel.swift; sourceTree = "<group>"; };
		7359D5CA2A217BFB00155BC6 /* StackCardView.swift */ = {isa = PBXFileReference; lastKnownFileType = sourcecode.swift; path = StackCardView.swift; sourceTree = "<group>"; };
/* End PBXFileReference section */

/* Begin PBXFrameworksBuildPhase section */
		7359D5A82A1FEBA400155BC6 /* Frameworks */ = {
			isa = PBXFrameworksBuildPhase;
			buildActionMask = 2147483647;
			files = (
			);
			runOnlyForDeploymentPostprocessing = 0;
		};
/* End PBXFrameworksBuildPhase section */

/* Begin PBXGroup section */
		7359D5A22A1FEBA400155BC6 = {
			isa = PBXGroup;
			children = (
				7359D5AD2A1FEBA400155BC6 /* Swipeable Cards Demo */,
				7359D5AC2A1FEBA400155BC6 /* Products */,
			);
			sourceTree = "<group>";
		};
		7359D5AC2A1FEBA400155BC6 /* Products */ = {
			isa = PBXGroup;
			children = (
				7359D5AB2A1FEBA400155BC6 /* Swipeable Cards Demo.app */,
			);
			name = Products;
			sourceTree = "<group>";
		};
		7359D5AD2A1FEBA400155BC6 /* Swipeable Cards Demo */ = {
			isa = PBXGroup;
			children = (
				7359D5BF2A206B6000155BC6 /* View */,
				7359D5BE2A206B5B00155BC6 /* ViewModel */,
				7359D5BC2A206B4400155BC6 /* Model */,
				7359D5AE2A1FEBA400155BC6 /* Swipeable_Cards_DemoApp.swift */,
				7359D5B02A1FEBA400155BC6 /* ContentView.swift */,
				7359D5B22A1FEBA500155BC6 /* Assets.xcassets */,
				7359D5B42A1FEBA500155BC6 /* Preview Content */,
			);
			path = "Swipeable Cards Demo";
			sourceTree = "<group>";
		};
		7359D5B42A1FEBA500155BC6 /* Preview Content */ = {
			isa = PBXGroup;
			children = (
				7359D5B52A1FEBA500155BC6 /* Preview Assets.xcassets */,
			);
			path = "Preview Content";
			sourceTree = "<group>";
		};
		7359D5BC2A206B4400155BC6 /* Model */ = {
			isa = PBXGroup;
			children = (
				7359D5C42A20EDEF00155BC6 /* User.swift */,
			);
			path = Model;
			sourceTree = "<group>";
		};
		7359D5BE2A206B5B00155BC6 /* ViewModel */ = {
			isa = PBXGroup;
			children = (
				7359D5C82A20F57500155BC6 /* HomeViewModel.swift */,
			);
			path = ViewModel;
			sourceTree = "<group>";
		};
		7359D5BF2A206B6000155BC6 /* View */ = {
			isa = PBXGroup;
			children = (
				7359D5C02A206B7300155BC6 /* Home.swift */,
				7359D5CA2A217BFB00155BC6 /* StackCardView.swift */,
			);
			path = View;
			sourceTree = "<group>";
		};
/* End PBXGroup section */

/* Begin PBXNativeTarget section */
		7359D5AA2A1FEBA400155BC6 /* Swipeable Cards Demo */ = {
			isa = PBXNativeTarget;
			buildConfigurationList = 7359D5B92A1FEBA500155BC6 /* Build configuration list for PBXNativeTarget "Swipeable Cards Demo" */;
			buildPhases = (
				7359D5A72A1FEBA400155BC6 /* Sources */,
				7359D5A82A1FEBA400155BC6 /* Frameworks */,
				7359D5A92A1FEBA400155BC6 /* Resources */,
			);
			buildRules = (
			);
			dependencies = (
			);
			name = "Swipeable Cards Demo";
			productName = "Swipeable Cards Demo";
			productReference = 7359D5AB2A1FEBA400155BC6 /* Swipeable Cards Demo.app */;
			productType = "com.apple.product-type.application";
		};
/* End PBXNativeTarget section */

/* Begin PBXProject section */
		7359D5A32A1FEBA400155BC6 /* Project object */ = {
			isa = PBXProject;
			attributes = {
				BuildIndependentTargetsInParallel = 1;
				LastSwiftUpdateCheck = 1420;
				LastUpgradeCheck = 1420;
				TargetAttributes = {
					7359D5AA2A1FEBA400155BC6 = {
						CreatedOnToolsVersion = 14.2;
					};
				};
			};
			buildConfigurationList = 7359D5A62A1FEBA400155BC6 /* Build configuration list for PBXProject "Swipeable Cards Demo" */;
			compatibilityVersion = "Xcode 14.0";
			developmentRegion = en;
			hasScannedForEncodings = 0;
			knownRegions = (
				en,
				Base,
			);
			mainGroup = 7359D5A22A1FEBA400155BC6;
			productRefGroup = 7359D5AC2A1FEBA400155BC6 /* Products */;
			projectDirPath = "";
			projectRoot = "";
			targets = (
				7359D5AA2A1FEBA400155BC6 /* Swipeable Cards Demo */,
			);
		};
/* End PBXProject section */

/* Begin PBXResourcesBuildPhase section */
		7359D5A92A1FEBA400155BC6 /* Resources */ = {
			isa = PBXResourcesBuildPhase;
			buildActionMask = 2147483647;
			files = (
				7359D5B62A1FEBA500155BC6 /* Preview Assets.xcassets in Resources */,
				7359D5B32A1FEBA500155BC6 /* Assets.xcassets in Resources */,
			);
			runOnlyForDeploymentPostprocessing = 0;
		};
/* End PBXResourcesBuildPhase section */

/* Begin PBXSourcesBuildPhase section */
		7359D5A72A1FEBA400155BC6 /* Sources */ = {
			isa = PBXSourcesBuildPhase;
			buildActionMask = 2147483647;
			files = (
				7359D5C52A20EDEF00155BC6 /* User.swift in Sources */,
				7359D5B12A1FEBA400155BC6 /* ContentView.swift in Sources */,
				7359D5C12A206B7300155BC6 /* Home.swift in Sources */,
				7359D5CB2A217BFB00155BC6 /* StackCardView.swift in Sources */,
				7359D5C92A20F57500155BC6 /* HomeViewModel.swift in Sources */,
				7359D5AF2A1FEBA400155BC6 /* Swipeable_Cards_DemoApp.swift in Sources */,
			);
			runOnlyForDeploymentPostprocessing = 0;
		};
/* End PBXSourcesBuildPhase section */

/* Begin XCBuildConfiguration section */
		7359D5B72A1FEBA500155BC6 /* Debug */ = {
			isa = XCBuildConfiguration;
			buildSettings = {
				ALWAYS_SEARCH_USER_PATHS = NO;
				CLANG_ANALYZER_NONNULL = YES;
				CLANG_ANALYZER_NUMBER_OBJECT_CONVERSION = YES_AGGRESSIVE;
				CLANG_CXX_LANGUAGE_STANDARD = "gnu++20";
				CLANG_ENABLE_MODULES = YES;
				CLANG_ENABLE_OBJC_ARC = YES;
				CLANG_ENABLE_OBJC_WEAK = YES;
				CLANG_WARN_BLOCK_CAPTURE_AUTORELEASING = YES;
				CLANG_WARN_BOOL_CONVERSION = YES;
				CLANG_WARN_COMMA = YES;
				CLANG_WARN_CONSTANT_CONVERSION = YES;
				CLANG_WARN_DEPRECATED_OBJC_IMPLEMENTATIONS = YES;
				CLANG_WARN_DIRECT_OBJC_ISA_USAGE = YES_ERROR;
				CLANG_WARN_DOCUMENTATION_COMMENTS = YES;
				CLANG_WARN_EMPTY_BODY = YES;
				CLANG_WARN_ENUM_CONVERSION = YES;
				CLANG_WARN_INFINITE_RECURSION = YES;
				CLANG_WARN_INT_CONVERSION = YES;
				CLANG_WARN_NON_LITERAL_NULL_CONVERSION = YES;
				CLANG_WARN_OBJC_IMPLICIT_RETAIN_SELF = YES;
				CLANG_WARN_OBJC_LITERAL_CONVERSION = YES;
				CLANG_WARN_OBJC_ROOT_CLASS = YES_ERROR;
				CLANG_WARN_QUOTED_INCLUDE_IN_FRAMEWORK_HEADER = YES;
				CLANG_WARN_RANGE_LOOP_ANALYSIS = YES;
				CLANG_WARN_STRICT_PROTOTYPES = YES;
				CLANG_WARN_SUSPICIOUS_MOVE = YES;
				CLANG_WARN_UNGUARDED_AVAILABILITY = YES_AGGRESSIVE;
				CLANG_WARN_UNREACHABLE_CODE = YES;
				CLANG_WARN__DUPLICATE_METHOD_MATCH = YES;
				COPY_PHASE_STRIP = NO;
				DEBUG_INFORMATION_FORMAT = dwarf;
				ENABLE_STRICT_OBJC_MSGSEND = YES;
				ENABLE_TESTABILITY = YES;
				GCC_C_LANGUAGE_STANDARD = gnu11;
				GCC_DYNAMIC_NO_PIC = NO;
				GCC_NO_COMMON_BLOCKS = YES;
				GCC_OPTIMIZATION_LEVEL = 0;
				GCC_PREPROCESSOR_DEFINITIONS = (
					"DEBUG=1",
					"$(inherited)",
				);
				GCC_WARN_64_TO_32_BIT_CONVERSION = YES;
				GCC_WARN_ABOUT_RETURN_TYPE = YES_ERROR;
				GCC_WARN_UNDECLARED_SELECTOR = YES;
				GCC_WARN_UNINITIALIZED_AUTOS = YES_AGGRESSIVE;
				GCC_WARN_UNUSED_FUNCTION = YES;
				GCC_WARN_UNUSED_VARIABLE = YES;
				IPHONEOS_DEPLOYMENT_TARGET = 16.2;
				MTL_ENABLE_DEBUG_INFO = INCLUDE_SOURCE;
				MTL_FAST_MATH = YES;
				ONLY_ACTIVE_ARCH = YES;
				SDKROOT = iphoneos;
				SWIFT_ACTIVE_COMPILATION_CONDITIONS = DEBUG;
				SWIFT_OPTIMIZATION_LEVEL = "-Onone";
			};
			name = Debug;
		};
		7359D5B82A1FEBA500155BC6 /* Release */ = {
			isa = XCBuildConfiguration;
			buildSettings = {
				ALWAYS_SEARCH_USER_PATHS = NO;
				CLANG_ANALYZER_NONNULL = YES;
				CLANG_ANALYZER_NUMBER_OBJECT_CONVERSION = YES_AGGRESSIVE;
				CLANG_CXX_LANGUAGE_STANDARD = "gnu++20";
				CLANG_ENABLE_MODULES = YES;
				CLANG_ENABLE_OBJC_ARC = YES;
				CLANG_ENABLE_OBJC_WEAK = YES;
				CLANG_WARN_BLOCK_CAPTURE_AUTORELEASING = YES;
				CLANG_WARN_BOOL_CONVERSION = YES;
				CLANG_WARN_COMMA = YES;
				CLANG_WARN_CONSTANT_CONVERSION = YES;
				CLANG_WARN_DEPRECATED_OBJC_IMPLEMENTATIONS = YES;
				CLANG_WARN_DIRECT_OBJC_ISA_USAGE = YES_ERROR;
				CLANG_WARN_DOCUMENTATION_COMMENTS = YES;
				CLANG_WARN_EMPTY_BODY = YES;
				CLANG_WARN_ENUM_CONVERSION = YES;
				CLANG_WARN_INFINITE_RECURSION = YES;
				CLANG_WARN_INT_CONVERSION = YES;
				CLANG_WARN_NON_LITERAL_NULL_CONVERSION = YES;
				CLANG_WARN_OBJC_IMPLICIT_RETAIN_SELF = YES;
				CLANG_WARN_OBJC_LITERAL_CONVERSION = YES;
				CLANG_WARN_OBJC_ROOT_CLASS = YES_ERROR;
				CLANG_WARN_QUOTED_INCLUDE_IN_FRAMEWORK_HEADER = YES;
				CLANG_WARN_RANGE_LOOP_ANALYSIS = YES;
				CLANG_WARN_STRICT_PROTOTYPES = YES;
				CLANG_WARN_SUSPICIOUS_MOVE = YES;
				CLANG_WARN_UNGUARDED_AVAILABILITY = YES_AGGRESSIVE;
				CLANG_WARN_UNREACHABLE_CODE = YES;
				CLANG_WARN__DUPLICATE_METHOD_MATCH = YES;
				COPY_PHASE_STRIP = NO;
				DEBUG_INFORMATION_FORMAT = "dwarf-with-dsym";
				ENABLE_NS_ASSERTIONS = NO;
				ENABLE_STRICT_OBJC_MSGSEND = YES;
				GCC_C_LANGUAGE_STANDARD = gnu11;
				GCC_NO_COMMON_BLOCKS = YES;
				GCC_WARN_64_TO_32_BIT_CONVERSION = YES;
				GCC_WARN_ABOUT_RETURN_TYPE = YES_ERROR;
				GCC_WARN_UNDECLARED_SELECTOR = YES;
				GCC_WARN_UNINITIALIZED_AUTOS = YES_AGGRESSIVE;
				GCC_WARN_UNUSED_FUNCTION = YES;
				GCC_WARN_UNUSED_VARIABLE = YES;
				IPHONEOS_DEPLOYMENT_TARGET = 16.2;
				MTL_ENABLE_DEBUG_INFO = NO;
				MTL_FAST_MATH = YES;
				SDKROOT = iphoneos;
				SWIFT_COMPILATION_MODE = wholemodule;
				SWIFT_OPTIMIZATION_LEVEL = "-O";
				VALIDATE_PRODUCT = YES;
			};
			name = Release;
		};
		7359D5BA2A1FEBA500155BC6 /* Debug */ = {
			isa = XCBuildConfiguration;
			buildSettings = {
				ASSETCATALOG_COMPILER_APPICON_NAME = AppIcon;
				ASSETCATALOG_COMPILER_GLOBAL_ACCENT_COLOR_NAME = AccentColor;
				CODE_SIGN_STYLE = Automatic;
				CURRENT_PROJECT_VERSION = 1;
				DEVELOPMENT_ASSET_PATHS = "\"Swipeable Cards Demo/Preview Content\"";
				DEVELOPMENT_TEAM = J23KSV5MMS;
				ENABLE_PREVIEWS = YES;
				GENERATE_INFOPLIST_FILE = YES;
				INFOPLIST_KEY_UIApplicationSceneManifest_Generation = YES;
				INFOPLIST_KEY_UIApplicationSupportsIndirectInputEvents = YES;
				INFOPLIST_KEY_UILaunchScreen_Generation = YES;
				INFOPLIST_KEY_UISupportedInterfaceOrientations_iPad = "UIInterfaceOrientationPortrait UIInterfaceOrientationPortraitUpsideDown UIInterfaceOrientationLandscapeLeft UIInterfaceOrientationLandscapeRight";
				INFOPLIST_KEY_UISupportedInterfaceOrientations_iPhone = "UIInterfaceOrientationPortrait UIInterfaceOrientationLandscapeLeft UIInterfaceOrientationLandscapeRight";
				LD_RUNPATH_SEARCH_PATHS = (
					"$(inherited)",
					"@executable_path/Frameworks",
				);
				MARKETING_VERSION = 1.0;
				PRODUCT_BUNDLE_IDENTIFIER = "me.michaelparekh.Swipeable-Cards-Demo";
				PRODUCT_NAME = "$(TARGET_NAME)";
				SWIFT_EMIT_LOC_STRINGS = YES;
				SWIFT_VERSION = 5.0;
				TARGETED_DEVICE_FAMILY = "1,2";
			};
			name = Debug;
		};
		7359D5BB2A1FEBA500155BC6 /* Release */ = {
			isa = XCBuildConfiguration;
			buildSettings = {
				ASSETCATALOG_COMPILER_APPICON_NAME = AppIcon;
				ASSETCATALOG_COMPILER_GLOBAL_ACCENT_COLOR_NAME = AccentColor;
				CODE_SIGN_STYLE = Automatic;
				CURRENT_PROJECT_VERSION = 1;
				DEVELOPMENT_ASSET_PATHS = "\"Swipeable Cards Demo/Preview Content\"";
				DEVELOPMENT_TEAM = J23KSV5MMS;
				ENABLE_PREVIEWS = YES;
				GENERATE_INFOPLIST_FILE = YES;
				INFOPLIST_KEY_UIApplicationSceneManifest_Generation = YES;
				INFOPLIST_KEY_UIApplicationSupportsIndirectInputEvents = YES;
				INFOPLIST_KEY_UILaunchScreen_Generation = YES;
				INFOPLIST_KEY_UISupportedInterfaceOrientations_iPad = "UIInterfaceOrientationPortrait UIInterfaceOrientationPortraitUpsideDown UIInterfaceOrientationLandscapeLeft UIInterfaceOrientationLandscapeRight";
				INFOPLIST_KEY_UISupportedInterfaceOrientations_iPhone = "UIInterfaceOrientationPortrait UIInterfaceOrientationLandscapeLeft UIInterfaceOrientationLandscapeRight";
				LD_RUNPATH_SEARCH_PATHS = (
					"$(inherited)",
					"@executable_path/Frameworks",
				);
				MARKETING_VERSION = 1.0;
				PRODUCT_BUNDLE_IDENTIFIER = "me.michaelparekh.Swipeable-Cards-Demo";
				PRODUCT_NAME = "$(TARGET_NAME)";
				SWIFT_EMIT_LOC_STRINGS = YES;
				SWIFT_VERSION = 5.0;
				TARGETED_DEVICE_FAMILY = "1,2";
			};
			name = Release;
		};
/* End XCBuildConfiguration section */

/* Begin XCConfigurationList section */
		7359D5A62A1FEBA400155BC6 /* Build configuration list for PBXProject "Swipeable Cards Demo" */ = {
			isa = XCConfigurationList;
			buildConfigurations = (
				7359D5B72A1FEBA500155BC6 /* Debug */,
				7359D5B82A1FEBA500155BC6 /* Release */,
			);
			defaultConfigurationIsVisible = 0;
			defaultConfigurationName = Release;
		};
		7359D5B92A1FEBA500155BC6 /* Build configuration list for PBXNativeTarget "Swipeable Cards Demo" */ = {
			isa = XCConfigurationList;
			buildConfigurations = (
				7359D5BA2A1FEBA500155BC6 /* Debug */,
				7359D5BB2A1FEBA500155BC6 /* Release */,
			);
			defaultConfigurationIsVisible = 0;
			defaultConfigurationName = Release;
		};
/* End XCConfigurationList section */
	};
	rootObject = 7359D5A32A1FEBA400155BC6 /* Project object */;
}
